
Microsoft Visual Studio Solution File, Format Version 12.00
# Visual Studio 2012
Project("{FAE04EC0-301F-11D3-BF4B-00C04F79EFBC}") = "PsimaxSerial", "PsimaxSerial\PsimaxSerial.csproj", "{5599534F-9F49-470C-97CD-0CEB3DA75790}"
EndProject
Project("{FAE04EC0-301F-11D3-BF4B-00C04F79EFBC}") = "HelloWorld", "HelloWorld\HelloWorld.csproj", "{E08AE19A-AC15-41B9-B0B7-A605B651BADA}"
EndProject
Project("{FAE04EC0-301F-11D3-BF4B-00C04F79EFBC}") = "ConsoleSerialTest", "ConsoleSerialTest\ConsoleSerialTest.csproj", "{16368C40-4A99-48FE-AC08-FD86EC9E42C2}"
EndProject
Project("{FAE04EC0-301F-11D3-BF4B-00C04F79EFBC}") = "ConsoleFirmataTest", "ConsoleFirmataTest\ConsoleFirmataTest.csproj", "{6BDC1D27-59E8-48FA-8D86-677D6A6E6982}"
EndProject
Project("{FAE04EC0-301F-11D3-BF4B-00C04F79EFBC}") = "HelloWorldFirmata", "HelloWorldFirmata\HelloWorldFirmata.csproj", "{3E200A88-7F43-42EF-AD09-9F4F3C99F4C7}"
EndProject
Global
	GlobalSection(SolutionConfigurationPlatforms) = preSolution
		Debug|x86 = Debug|x86
		Release|x86 = Release|x86
	EndGlobalSection
	GlobalSection(ProjectConfigurationPlatforms) = postSolution
		{16368C40-4A99-48FE-AC08-FD86EC9E42C2}.Debug|x86.ActiveCfg = Debug|x86
		{16368C40-4A99-48FE-AC08-FD86EC9E42C2}.Debug|x86.Build.0 = Debug|x86
		{16368C40-4A99-48FE-AC08-FD86EC9E42C2}.Release|x86.ActiveCfg = Release|x86
		{16368C40-4A99-48FE-AC08-FD86EC9E42C2}.Release|x86.Build.0 = Release|x86
		{3E200A88-7F43-42EF-AD09-9F4F3C99F4C7}.Debug|x86.ActiveCfg = Debug|Any CPU
		{3E200A88-7F43-42EF-AD09-9F4F3C99F4C7}.Debug|x86.Build.0 = Debug|Any CPU
		{3E200A88-7F43-42EF-AD09-9F4F3C99F4C7}.Release|x86.ActiveCfg = Release|Any CPU
		{3E200A88-7F43-42EF-AD09-9F4F3C99F4C7}.Release|x86.Build.0 = Release|Any CPU
		{5599534F-9F49-470C-97CD-0CEB3DA75790}.Debug|x86.ActiveCfg = Debug|x86
		{5599534F-9F49-470C-97CD-0CEB3DA75790}.Debug|x86.Build.0 = Debug|x86
		{5599534F-9F49-470C-97CD-0CEB3DA75790}.Release|x86.ActiveCfg = Release|x86
		{5599534F-9F49-470C-97CD-0CEB3DA75790}.Release|x86.Build.0 = Release|x86
		{6BDC1D27-59E8-48FA-8D86-677D6A6E6982}.Debug|x86.ActiveCfg = Debug|x86
		{6BDC1D27-59E8-48FA-8D86-677D6A6E6982}.Debug|x86.Build.0 = Debug|x86
		{6BDC1D27-59E8-48FA-8D86-677D6A6E6982}.Release|x86.ActiveCfg = Release|x86
		{6BDC1D27-59E8-48FA-8D86-677D6A6E6982}.Release|x86.Build.0 = Release|x86
		{E08AE19A-AC15-41B9-B0B7-A605B651BADA}.Debug|x86.ActiveCfg = Debug|Any CPU
		{E08AE19A-AC15-41B9-B0B7-A605B651BADA}.Debug|x86.Build.0 = Debug|Any CPU
		{E08AE19A-AC15-41B9-B0B7-A605B651BADA}.Release|x86.ActiveCfg = Release|Any CPU
		{E08AE19A-AC15-41B9-B0B7-A605B651BADA}.Release|x86.Build.0 = Release|Any CPU
	EndGlobalSection
	GlobalSection(MonoDevelopProperties) = preSolution
		Policies = $0
		$0.DotNetNamingPolicy = $1
		$1.DirectoryNamespaceAssociation = None
		$1.ResourceNamePolicy = FileFormatDefault
		description = Fixed issue-1 where DataReceived was not being called
		version = 0.3
	EndGlobalSection
EndGlobal
